
Microsoft Visual Studio Solution File, Format Version 12.00
# Visual Studio Version 16
VisualStudioVersion = 16.0.30309.148
MinimumVisualStudioVersion = 10.0.40219.1
Project("{888888A0-9F3D-457C-B088-3A5042F75D52}") = "PracticaFinal", "PracticaFinal\PracticaFinal.pyproj", "{2DF7B931-29FB-49A6-A4F4-55CC183A197B}"
EndProject
Global
	GlobalSection(SolutionConfigurationPlatforms) = preSolution
		Debug|Any CPU = Debug|Any CPU
		Release|Any CPU = Release|Any CPU
	EndGlobalSection
	GlobalSection(ProjectConfigurationPlatforms) = postSolution
		{2DF7B931-29FB-49A6-A4F4-55CC183A197B}.Debug|Any CPU.ActiveCfg = Debug|Any CPU
		{2DF7B931-29FB-49A6-A4F4-55CC183A197B}.Release|Any CPU.ActiveCfg = Release|Any CPU
	EndGlobalSection
	GlobalSection(SolutionProperties) = preSolution
		HideSolutionNode = FALSE
	EndGlobalSection
	GlobalSection(ExtensibilityGlobals) = postSolution
		SolutionGuid = {AB0F74DB-A596-4C5B-91B8-127D7E83C94E}
	EndGlobalSection
EndGlobal
